
Microsoft Visual Studio Solution File, Format Version 12.00
# Visual Studio Version 17
VisualStudioVersion = 17.7.34024.191
MinimumVisualStudioVersion = 10.0.40219.1
Project("{FAE04EC0-301F-11D3-BF4B-00C04F79EFBC}") = "ProdutcStore.UI", "ProdutcStore.UI.csproj", "{3228DDE6-6C97-4BD6-AFD7-5BDF64B7BD38}"
EndProject
Project("{FAE04EC0-301F-11D3-BF4B-00C04F79EFBC}") = "ProductStore.Core", "..\ProductStore.Core\ProductStore.Core.csproj", "{839E999D-7494-4295-BD2D-AC9421F2D2D0}"
EndProject
Project("{FAE04EC0-301F-11D3-BF4B-00C04F79EFBC}") = "ProductStore.Infrastructure", "..\ProductStore.Infrastructure\ProductStore.Infrastructure.csproj", "{B9F480D3-4969-4923-9989-004AFB2FB43C}"
EndProject
Global
	GlobalSection(SolutionConfigurationPlatforms) = preSolution
		Debug|Any CPU = Debug|Any CPU
		Release|Any CPU = Release|Any CPU
	EndGlobalSection
	GlobalSection(ProjectConfigurationPlatforms) = postSolution
		{3228DDE6-6C97-4BD6-AFD7-5BDF64B7BD38}.Debug|Any CPU.ActiveCfg = Debug|Any CPU
		{3228DDE6-6C97-4BD6-AFD7-5BDF64B7BD38}.Debug|Any CPU.Build.0 = Debug|Any CPU
		{3228DDE6-6C97-4BD6-AFD7-5BDF64B7BD38}.Release|Any CPU.ActiveCfg = Release|Any CPU
		{3228DDE6-6C97-4BD6-AFD7-5BDF64B7BD38}.Release|Any CPU.Build.0 = Release|Any CPU
		{839E999D-7494-4295-BD2D-AC9421F2D2D0}.Debug|Any CPU.ActiveCfg = Debug|Any CPU
		{839E999D-7494-4295-BD2D-AC9421F2D2D0}.Debug|Any CPU.Build.0 = Debug|Any CPU
		{839E999D-7494-4295-BD2D-AC9421F2D2D0}.Release|Any CPU.ActiveCfg = Release|Any CPU
		{839E999D-7494-4295-BD2D-AC9421F2D2D0}.Release|Any CPU.Build.0 = Release|Any CPU
		{B9F480D3-4969-4923-9989-004AFB2FB43C}.Debug|Any CPU.ActiveCfg = Debug|Any CPU
		{B9F480D3-4969-4923-9989-004AFB2FB43C}.Debug|Any CPU.Build.0 = Debug|Any CPU
		{B9F480D3-4969-4923-9989-004AFB2FB43C}.Release|Any CPU.ActiveCfg = Release|Any CPU
		{B9F480D3-4969-4923-9989-004AFB2FB43C}.Release|Any CPU.Build.0 = Release|Any CPU
	EndGlobalSection
	GlobalSection(SolutionProperties) = preSolution
		HideSolutionNode = FALSE
	EndGlobalSection
	GlobalSection(ExtensibilityGlobals) = postSolution
		SolutionGuid = {E355C444-2C4F-4C42-843B-7BD2E78EBC73}
	EndGlobalSection
EndGlobal
